{
  "name": "code",
  "version": "1.0.0",
  "lockfileVersion": 1,
  "requires": true,
  "dependencies": {
    "reflect-metadata": {
      "version": "0.1.12",
      "resolved": "http://registry.npm.taobao.org/reflect-metadata/download/reflect-metadata-0.1.12.tgz",
      "integrity": "sha1-MRvwxrY814LyKKgavhRqK/qcVvI="
    }
  }
}
